
Microsoft Visual Studio Solution File, Format Version 12.00
# Visual Studio Version 17
VisualStudioVersion = 17.0.31903.59
MinimumVisualStudioVersion = 10.0.40219.1
Project("{2150E333-8FDC-42A3-9474-1A3956D46DE8}") = "src", "src", "{827E0CD3-B72D-47B6-A68D-7590B98EB39B}"
EndProject
Project("{FAE04EC0-301F-11D3-BF4B-00C04F79EFBC}") = "Shared.Contracts", "src\Shared.Contracts\Shared.Contracts.csproj", "{4EAECC84-40A5-4B14-9C9A-6779D87A6694}"
EndProject
Project("{FAE04EC0-301F-11D3-BF4B-00C04F79EFBC}") = "RestApiService", "src\RestApiService\RestApiService.csproj", "{E3A8A472-3939-46E9-A1E4-CEC43B2D6416}"
EndProject
Project("{FAE04EC0-301F-11D3-BF4B-00C04F79EFBC}") = "SqlDataService", "src\SqlDataService\SqlDataService.csproj", "{D2D589DD-2B37-4467-A0C3-D27F14EE35DF}"
EndProject
Project("{FAE04EC0-301F-11D3-BF4B-00C04F79EFBC}") = "TelemetryService", "src\TelemetryService\TelemetryService.csproj", "{F8677200-A3C2-44BD-8D23-E8A92C262D53}"
EndProject
Project("{FAE04EC0-301F-11D3-BF4B-00C04F79EFBC}") = "RestApiService.Tests", "tests\RestApiService.Tests\RestApiService.Tests.csproj", "{8E4DD3BF-6C92-4C2B-99D6-8B645821CA5F}"
EndProject
Project("{FAE04EC0-301F-11D3-BF4B-00C04F79EFBC}") = "SqlDataService.Tests", "tests\SqlDataService.Tests\SqlDataService.Tests.csproj", "{C8ED4CAF-F924-4DF0-8985-91E433364AEC}"
EndProject
Project("{FAE04EC0-301F-11D3-BF4B-00C04F79EFBC}") = "TelemetryService.Tests", "tests\TelemetryService.Tests\TelemetryService.Tests.csproj", "{C01A7DA1-930F-46BA-8CA4-43A56C8F12AA}"
EndProject
Project("{FAE04EC0-301F-11D3-BF4B-00C04F79EFBC}") = "IntegrationTests", "tests\IntegrationTests\IntegrationTests.csproj", "{670DF33A-B7AF-420B-80E4-28A62AA056D4}"
EndProject
Global
	GlobalSection(SolutionConfigurationPlatforms) = preSolution
		Debug|Any CPU = Debug|Any CPU
		Debug|x64 = Debug|x64
		Debug|x86 = Debug|x86
		Release|Any CPU = Release|Any CPU
		Release|x64 = Release|x64
		Release|x86 = Release|x86
	EndGlobalSection
	GlobalSection(ProjectConfigurationPlatforms) = postSolution
		{4EAECC84-40A5-4B14-9C9A-6779D87A6694}.Debug|Any CPU.ActiveCfg = Debug|Any CPU
		{4EAECC84-40A5-4B14-9C9A-6779D87A6694}.Debug|Any CPU.Build.0 = Debug|Any CPU
		{4EAECC84-40A5-4B14-9C9A-6779D87A6694}.Debug|x64.ActiveCfg = Debug|Any CPU
		{4EAECC84-40A5-4B14-9C9A-6779D87A6694}.Debug|x64.Build.0 = Debug|Any CPU
		{4EAECC84-40A5-4B14-9C9A-6779D87A6694}.Debug|x86.ActiveCfg = Debug|Any CPU
		{4EAECC84-40A5-4B14-9C9A-6779D87A6694}.Debug|x86.Build.0 = Debug|Any CPU
		{4EAECC84-40A5-4B14-9C9A-6779D87A6694}.Release|Any CPU.ActiveCfg = Release|Any CPU
		{4EAECC84-40A5-4B14-9C9A-6779D87A6694}.Release|Any CPU.Build.0 = Release|Any CPU
		{4EAECC84-40A5-4B14-9C9A-6779D87A6694}.Release|x64.ActiveCfg = Release|Any CPU
		{4EAECC84-40A5-4B14-9C9A-6779D87A6694}.Release|x64.Build.0 = Release|Any CPU
		{4EAECC84-40A5-4B14-9C9A-6779D87A6694}.Release|x86.ActiveCfg = Release|Any CPU
		{4EAECC84-40A5-4B14-9C9A-6779D87A6694}.Release|x86.Build.0 = Release|Any CPU
		{E3A8A472-3939-46E9-A1E4-CEC43B2D6416}.Debug|Any CPU.ActiveCfg = Debug|Any CPU
		{E3A8A472-3939-46E9-A1E4-CEC43B2D6416}.Debug|Any CPU.Build.0 = Debug|Any CPU
		{E3A8A472-3939-46E9-A1E4-CEC43B2D6416}.Debug|x64.ActiveCfg = Debug|Any CPU
		{E3A8A472-3939-46E9-A1E4-CEC43B2D6416}.Debug|x64.Build.0 = Debug|Any CPU
		{E3A8A472-3939-46E9-A1E4-CEC43B2D6416}.Debug|x86.ActiveCfg = Debug|Any CPU
		{E3A8A472-3939-46E9-A1E4-CEC43B2D6416}.Debug|x86.Build.0 = Debug|Any CPU
		{E3A8A472-3939-46E9-A1E4-CEC43B2D6416}.Release|Any CPU.ActiveCfg = Release|Any CPU
		{E3A8A472-3939-46E9-A1E4-CEC43B2D6416}.Release|Any CPU.Build.0 = Release|Any CPU
		{E3A8A472-3939-46E9-A1E4-CEC43B2D6416}.Release|x64.ActiveCfg = Release|Any CPU
		{E3A8A472-3939-46E9-A1E4-CEC43B2D6416}.Release|x64.Build.0 = Release|Any CPU
		{E3A8A472-3939-46E9-A1E4-CEC43B2D6416}.Release|x86.ActiveCfg = Release|Any CPU
		{E3A8A472-3939-46E9-A1E4-CEC43B2D6416}.Release|x86.Build.0 = Release|Any CPU
		{D2D589DD-2B37-4467-A0C3-D27F14EE35DF}.Debug|Any CPU.ActiveCfg = Debug|Any CPU
		{D2D589DD-2B37-4467-A0C3-D27F14EE35DF}.Debug|Any CPU.Build.0 = Debug|Any CPU
		{D2D589DD-2B37-4467-A0C3-D27F14EE35DF}.Debug|x64.ActiveCfg = Debug|Any CPU
		{D2D589DD-2B37-4467-A0C3-D27F14EE35DF}.Debug|x64.Build.0 = Debug|Any CPU
		{D2D589DD-2B37-4467-A0C3-D27F14EE35DF}.Debug|x86.ActiveCfg = Debug|Any CPU
		{D2D589DD-2B37-4467-A0C3-D27F14EE35DF}.Debug|x86.Build.0 = Debug|Any CPU
		{D2D589DD-2B37-4467-A0C3-D27F14EE35DF}.Release|Any CPU.ActiveCfg = Release|Any CPU
		{D2D589DD-2B37-4467-A0C3-D27F14EE35DF}.Release|Any CPU.Build.0 = Release|Any CPU
		{D2D589DD-2B37-4467-A0C3-D27F14EE35DF}.Release|x64.ActiveCfg = Release|Any CPU
		{D2D589DD-2B37-4467-A0C3-D27F14EE35DF}.Release|x64.Build.0 = Release|Any CPU
		{D2D589DD-2B37-4467-A0C3-D27F14EE35DF}.Release|x86.ActiveCfg = Release|Any CPU
		{D2D589DD-2B37-4467-A0C3-D27F14EE35DF}.Release|x86.Build.0 = Release|Any CPU
		{F8677200-A3C2-44BD-8D23-E8A92C262D53}.Debug|Any CPU.ActiveCfg = Debug|Any CPU
		{F8677200-A3C2-44BD-8D23-E8A92C262D53}.Debug|Any CPU.Build.0 = Debug|Any CPU
		{F8677200-A3C2-44BD-8D23-E8A92C262D53}.Debug|x64.ActiveCfg = Debug|Any CPU
		{F8677200-A3C2-44BD-8D23-E8A92C262D53}.Debug|x64.Build.0 = Debug|Any CPU
		{F8677200-A3C2-44BD-8D23-E8A92C262D53}.Debug|x86.ActiveCfg = Debug|Any CPU
		{F8677200-A3C2-44BD-8D23-E8A92C262D53}.Debug|x86.Build.0 = Debug|Any CPU
		{F8677200-A3C2-44BD-8D23-E8A92C262D53}.Release|Any CPU.ActiveCfg = Release|Any CPU
		{F8677200-A3C2-44BD-8D23-E8A92C262D53}.Release|Any CPU.Build.0 = Release|Any CPU
		{F8677200-A3C2-44BD-8D23-E8A92C262D53}.Release|x64.ActiveCfg = Release|Any CPU
		{F8677200-A3C2-44BD-8D23-E8A92C262D53}.Release|x64.Build.0 = Release|Any CPU
		{F8677200-A3C2-44BD-8D23-E8A92C262D53}.Release|x86.ActiveCfg = Release|Any CPU
		{F8677200-A3C2-44BD-8D23-E8A92C262D53}.Release|x86.Build.0 = Release|Any CPU
		{8E4DD3BF-6C92-4C2B-99D6-8B645821CA5F}.Debug|Any CPU.ActiveCfg = Debug|Any CPU
		{8E4DD3BF-6C92-4C2B-99D6-8B645821CA5F}.Debug|Any CPU.Build.0 = Debug|Any CPU
		{8E4DD3BF-6C92-4C2B-99D6-8B645821CA5F}.Debug|x64.ActiveCfg = Debug|Any CPU
		{8E4DD3BF-6C92-4C2B-99D6-8B645821CA5F}.Debug|x64.Build.0 = Debug|Any CPU
		{8E4DD3BF-6C92-4C2B-99D6-8B645821CA5F}.Debug|x86.ActiveCfg = Debug|Any CPU
		{8E4DD3BF-6C92-4C2B-99D6-8B645821CA5F}.Debug|x86.Build.0 = Debug|Any CPU
		{8E4DD3BF-6C92-4C2B-99D6-8B645821CA5F}.Release|Any CPU.ActiveCfg = Release|Any CPU
		{8E4DD3BF-6C92-4C2B-99D6-8B645821CA5F}.Release|Any CPU.Build.0 = Release|Any CPU
		{8E4DD3BF-6C92-4C2B-99D6-8B645821CA5F}.Release|x64.ActiveCfg = Release|Any CPU
		{8E4DD3BF-6C92-4C2B-99D6-8B645821CA5F}.Release|x64.Build.0 = Release|Any CPU
		{8E4DD3BF-6C92-4C2B-99D6-8B645821CA5F}.Release|x86.ActiveCfg = Release|Any CPU
		{8E4DD3BF-6C92-4C2B-99D6-8B645821CA5F}.Release|x86.Build.0 = Release|Any CPU
		{C8ED4CAF-F924-4DF0-8985-91E433364AEC}.Debug|Any CPU.ActiveCfg = Debug|Any CPU
		{C8ED4CAF-F924-4DF0-8985-91E433364AEC}.Debug|Any CPU.Build.0 = Debug|Any CPU
		{C8ED4CAF-F924-4DF0-8985-91E433364AEC}.Debug|x64.ActiveCfg = Debug|Any CPU
		{C8ED4CAF-F924-4DF0-8985-91E433364AEC}.Debug|x64.Build.0 = Debug|Any CPU
		{C8ED4CAF-F924-4DF0-8985-91E433364AEC}.Debug|x86.ActiveCfg = Debug|Any CPU
		{C8ED4CAF-F924-4DF0-8985-91E433364AEC}.Debug|x86.Build.0 = Debug|Any CPU
		{C8ED4CAF-F924-4DF0-8985-91E433364AEC}.Release|Any CPU.ActiveCfg = Release|Any CPU
		{C8ED4CAF-F924-4DF0-8985-91E433364AEC}.Release|Any CPU.Build.0 = Release|Any CPU
		{C8ED4CAF-F924-4DF0-8985-91E433364AEC}.Release|x64.ActiveCfg = Release|Any CPU
		{C8ED4CAF-F924-4DF0-8985-91E433364AEC}.Release|x64.Build.0 = Release|Any CPU
		{C8ED4CAF-F924-4DF0-8985-91E433364AEC}.Release|x86.ActiveCfg = Release|Any CPU
		{C8ED4CAF-F924-4DF0-8985-91E433364AEC}.Release|x86.Build.0 = Release|Any CPU
		{C01A7DA1-930F-46BA-8CA4-43A56C8F12AA}.Debug|Any CPU.ActiveCfg = Debug|Any CPU
		{C01A7DA1-930F-46BA-8CA4-43A56C8F12AA}.Debug|Any CPU.Build.0 = Debug|Any CPU
		{C01A7DA1-930F-46BA-8CA4-43A56C8F12AA}.Debug|x64.ActiveCfg = Debug|Any CPU
		{C01A7DA1-930F-46BA-8CA4-43A56C8F12AA}.Debug|x64.Build.0 = Debug|Any CPU
		{C01A7DA1-930F-46BA-8CA4-43A56C8F12AA}.Debug|x86.ActiveCfg = Debug|Any CPU
		{C01A7DA1-930F-46BA-8CA4-43A56C8F12AA}.Debug|x86.Build.0 = Debug|Any CPU
		{C01A7DA1-930F-46BA-8CA4-43A56C8F12AA}.Release|Any CPU.ActiveCfg = Release|Any CPU
		{C01A7DA1-930F-46BA-8CA4-43A56C8F12AA}.Release|Any CPU.Build.0 = Release|Any CPU
		{C01A7DA1-930F-46BA-8CA4-43A56C8F12AA}.Release|x64.ActiveCfg = Release|Any CPU
		{C01A7DA1-930F-46BA-8CA4-43A56C8F12AA}.Release|x64.Build.0 = Release|Any CPU
		{C01A7DA1-930F-46BA-8CA4-43A56C8F12AA}.Release|x86.ActiveCfg = Release|Any CPU
		{C01A7DA1-930F-46BA-8CA4-43A56C8F12AA}.Release|x86.Build.0 = Release|Any CPU
		{670DF33A-B7AF-420B-80E4-28A62AA056D4}.Debug|Any CPU.ActiveCfg = Debug|Any CPU
		{670DF33A-B7AF-420B-80E4-28A62AA056D4}.Debug|Any CPU.Build.0 = Debug|Any CPU
		{670DF33A-B7AF-420B-80E4-28A62AA056D4}.Debug|x64.ActiveCfg = Debug|Any CPU
		{670DF33A-B7AF-420B-80E4-28A62AA056D4}.Debug|x64.Build.0 = Debug|Any CPU
		{670DF33A-B7AF-420B-80E4-28A62AA056D4}.Debug|x86.ActiveCfg = Debug|Any CPU
		{670DF33A-B7AF-420B-80E4-28A62AA056D4}.Debug|x86.Build.0 = Debug|Any CPU
		{670DF33A-B7AF-420B-80E4-28A62AA056D4}.Release|Any CPU.ActiveCfg = Release|Any CPU
		{670DF33A-B7AF-420B-80E4-28A62AA056D4}.Release|Any CPU.Build.0 = Release|Any CPU
		{670DF33A-B7AF-420B-80E4-28A62AA056D4}.Release|x64.ActiveCfg = Release|Any CPU
		{670DF33A-B7AF-420B-80E4-28A62AA056D4}.Release|x64.Build.0 = Release|Any CPU
		{670DF33A-B7AF-420B-80E4-28A62AA056D4}.Release|x86.ActiveCfg = Release|Any CPU
		{670DF33A-B7AF-420B-80E4-28A62AA056D4}.Release|x86.Build.0 = Release|Any CPU
	EndGlobalSection
	GlobalSection(SolutionProperties) = preSolution
		HideSolutionNode = FALSE
	EndGlobalSection
	GlobalSection(NestedProjects) = preSolution
		{4EAECC84-40A5-4B14-9C9A-6779D87A6694} = {827E0CD3-B72D-47B6-A68D-7590B98EB39B}
		{E3A8A472-3939-46E9-A1E4-CEC43B2D6416} = {827E0CD3-B72D-47B6-A68D-7590B98EB39B}
		{D2D589DD-2B37-4467-A0C3-D27F14EE35DF} = {827E0CD3-B72D-47B6-A68D-7590B98EB39B}
		{F8677200-A3C2-44BD-8D23-E8A92C262D53} = {827E0CD3-B72D-47B6-A68D-7590B98EB39B}
		{8E4DD3BF-6C92-4C2B-99D6-8B645821CA5F} = {827E0CD3-B72D-47B6-A68D-7590B98EB39B}
		{C8ED4CAF-F924-4DF0-8985-91E433364AEC} = {827E0CD3-B72D-47B6-A68D-7590B98EB39B}
		{C01A7DA1-930F-46BA-8CA4-43A56C8F12AA} = {827E0CD3-B72D-47B6-A68D-7590B98EB39B}
		{670DF33A-B7AF-420B-80E4-28A62AA056D4} = {827E0CD3-B72D-47B6-A68D-7590B98EB39B}
	EndGlobalSection
EndGlobal
